Microsoft Visual Studio Solution File, Format Version 8.00
Project("{8BC9CEB8-8B4A-11D0-8D11-00A0C91BC942}") = "client", "game\client\client_hl2mp-2003.vcproj", "{E44D6502-2BB4-47F8-85CF-ACDD4FC18329}"
	ProjectSection(ProjectDependencies) = postProject
	EndProjectSection
EndProject
Project("{8BC9CEB8-8B4A-11D0-8D11-00A0C91BC942}") = "server", "game\server\server_hl2mp-2003.vcproj", "{1AA0213B-2B68-40CD-90F8-CFDFD37C1550}"
	ProjectSection(ProjectDependencies) = postProject
	EndProjectSection
EndProject
Global
	GlobalSection(SolutionConfiguration) = preSolution
		Debug = Debug
		Release = Release
	EndGlobalSection
	GlobalSection(ProjectConfiguration) = postSolution
		{E44D6502-2BB4-47F8-85CF-ACDD4FC18329}.Debug.ActiveCfg = Debug HL2MP|Win32
		{E44D6502-2BB4-47F8-85CF-ACDD4FC18329}.Debug.Build.0 = Debug HL2MP|Win32
		{E44D6502-2BB4-47F8-85CF-ACDD4FC18329}.Release.ActiveCfg = Release HL2MP|Win32
		{E44D6502-2BB4-47F8-85CF-ACDD4FC18329}.Release.Build.0 = Release HL2MP|Win32
		{1AA0213B-2B68-40CD-90F8-CFDFD37C1550}.Debug.ActiveCfg = Debug HL2MP|Win32
		{1AA0213B-2B68-40CD-90F8-CFDFD37C1550}.Debug.Build.0 = Debug HL2MP|Win32
		{1AA0213B-2B68-40CD-90F8-CFDFD37C1550}.Release.ActiveCfg = Release HL2MP|Win32
		{1AA0213B-2B68-40CD-90F8-CFDFD37C1550}.Release.Build.0 = Release HL2MP|Win32
	EndGlobalSection
	GlobalSection(ExtensibilityGlobals) = postSolution
	EndGlobalSection
	GlobalSection(ExtensibilityAddIns) = postSolution
	EndGlobalSection
EndGlobal
